
Microsoft Visual Studio Solution File, Format Version 12.00
Project("{FAE04EC0-301F-11D3-BF4B-00C04F79EFBC}") = "EasyPlayscript.BuildTask", "EasyPlayscript.BuildTask\EasyPlayscript.BuildTask.csproj", "{F6CF24CC-BC93-41D1-9584-62AFC9E96BD6}"
EndProject
Project("{FAE04EC0-301F-11D3-BF4B-00C04F79EFBC}") = "EasyPlayscript.Core", "EasyPlayscript.Core\EasyPlayscript.Core.csproj", "{C9B20169-C155-4FA2-9301-605F039FED70}"
EndProject
Project("{FAE04EC0-301F-11D3-BF4B-00C04F79EFBC}") = "EasyPlayscript.Generator", "EasyPlayscript.Generator\EasyPlayscript.Generator.csproj", "{C246CE92-FBDA-4204-BC56-EB5C8D285256}"
EndProject
Project("{FAE04EC0-301F-11D3-BF4B-00C04F79EFBC}") = "EasyPlayscript.Sample", "EasyPlayscript.Sample\EasyPlayscript.Sample.csproj", "{AA36BED1-ADC8-41DE-8DC5-7E1C152EAB28}"
EndProject
Project("{FAE04EC0-301F-11D3-BF4B-00C04F79EFBC}") = "EasyPlayscript.Tests", "EasyPlayscript.Tests\EasyPlayscript.Tests.csproj", "{4E5D9DCC-38CB-4D07-A1BC-1CDD68DC46D3}"
EndProject
Project("{FAE04EC0-301F-11D3-BF4B-00C04F79EFBC}") = "EasyPlayscript.LSP", "EasyPlayscript.LSP\EasyPlayscript.LSP.csproj", "{FCCABD9C-2BAA-40AE-AF6C-4D09B9FBC95C}"
EndProject
Project("{FAE04EC0-301F-11D3-BF4B-00C04F79EFBC}") = "EasyPlayscript.LSP.Tests", "EasyPlayscript.LSP.Tests\EasyPlayscript.LSP.Tests.csproj", "{A3270CD0-9756-481D-9848-3BA2723DB56C}"
EndProject
Global
	GlobalSection(SolutionConfigurationPlatforms) = preSolution
		Debug|Any CPU = Debug|Any CPU
		Release|Any CPU = Release|Any CPU
	EndGlobalSection
	GlobalSection(ProjectConfigurationPlatforms) = postSolution
		{F6CF24CC-BC93-41D1-9584-62AFC9E96BD6}.Debug|Any CPU.ActiveCfg = Debug|Any CPU
		{F6CF24CC-BC93-41D1-9584-62AFC9E96BD6}.Debug|Any CPU.Build.0 = Debug|Any CPU
		{F6CF24CC-BC93-41D1-9584-62AFC9E96BD6}.Release|Any CPU.ActiveCfg = Release|Any CPU
		{F6CF24CC-BC93-41D1-9584-62AFC9E96BD6}.Release|Any CPU.Build.0 = Release|Any CPU
		{C9B20169-C155-4FA2-9301-605F039FED70}.Debug|Any CPU.ActiveCfg = Debug|Any CPU
		{C9B20169-C155-4FA2-9301-605F039FED70}.Debug|Any CPU.Build.0 = Debug|Any CPU
		{C9B20169-C155-4FA2-9301-605F039FED70}.Release|Any CPU.ActiveCfg = Release|Any CPU
		{C9B20169-C155-4FA2-9301-605F039FED70}.Release|Any CPU.Build.0 = Release|Any CPU
		{C246CE92-FBDA-4204-BC56-EB5C8D285256}.Debug|Any CPU.ActiveCfg = Debug|Any CPU
		{C246CE92-FBDA-4204-BC56-EB5C8D285256}.Debug|Any CPU.Build.0 = Debug|Any CPU
		{C246CE92-FBDA-4204-BC56-EB5C8D285256}.Release|Any CPU.ActiveCfg = Release|Any CPU
		{C246CE92-FBDA-4204-BC56-EB5C8D285256}.Release|Any CPU.Build.0 = Release|Any CPU
		{AA36BED1-ADC8-41DE-8DC5-7E1C152EAB28}.Debug|Any CPU.ActiveCfg = Debug|Any CPU
		{AA36BED1-ADC8-41DE-8DC5-7E1C152EAB28}.Debug|Any CPU.Build.0 = Debug|Any CPU
		{AA36BED1-ADC8-41DE-8DC5-7E1C152EAB28}.Release|Any CPU.ActiveCfg = Release|Any CPU
		{AA36BED1-ADC8-41DE-8DC5-7E1C152EAB28}.Release|Any CPU.Build.0 = Release|Any CPU
		{4E5D9DCC-38CB-4D07-A1BC-1CDD68DC46D3}.Debug|Any CPU.ActiveCfg = Debug|Any CPU
		{4E5D9DCC-38CB-4D07-A1BC-1CDD68DC46D3}.Debug|Any CPU.Build.0 = Debug|Any CPU
		{4E5D9DCC-38CB-4D07-A1BC-1CDD68DC46D3}.Release|Any CPU.ActiveCfg = Release|Any CPU
		{4E5D9DCC-38CB-4D07-A1BC-1CDD68DC46D3}.Release|Any CPU.Build.0 = Release|Any CPU
		{FCCABD9C-2BAA-40AE-AF6C-4D09B9FBC95C}.Debug|Any CPU.ActiveCfg = Debug|Any CPU
		{FCCABD9C-2BAA-40AE-AF6C-4D09B9FBC95C}.Debug|Any CPU.Build.0 = Debug|Any CPU
		{FCCABD9C-2BAA-40AE-AF6C-4D09B9FBC95C}.Release|Any CPU.ActiveCfg = Release|Any CPU
		{FCCABD9C-2BAA-40AE-AF6C-4D09B9FBC95C}.Release|Any CPU.Build.0 = Release|Any CPU
		{A3270CD0-9756-481D-9848-3BA2723DB56C}.Debug|Any CPU.ActiveCfg = Debug|Any CPU
		{A3270CD0-9756-481D-9848-3BA2723DB56C}.Debug|Any CPU.Build.0 = Debug|Any CPU
		{A3270CD0-9756-481D-9848-3BA2723DB56C}.Release|Any CPU.ActiveCfg = Release|Any CPU
		{A3270CD0-9756-481D-9848-3BA2723DB56C}.Release|Any CPU.Build.0 = Release|Any CPU
	EndGlobalSection
EndGlobal
